#!r6rs ; -*- mode: scheme; coding: utf-8 -*-
;; This file is automatically generated - do not change it by hand.
(import (akku format lockfile))
(projects
  ((name "chez-srfi")
    (location
      (url "https://archive.akkuscm.org/archive/pkg/c/chez-srfi_0.0.0-akku.181.7879b52_repack.tar.xz"))
    (content
      (sha256
        "f002bc7fc669b5980c885a5fb6770f8e016b06761e8e9755154bfa3a4f578fcb"))))
